
Microsoft Visual Studio Solution File, Format Version 12.00
# Visual Studio 15
VisualStudioVersion = 15.0.27130.2020
MinimumVisualStudioVersion = 10.0.40219.1
Project("{8BC9CEB8-8B4A-11D0-8D11-00A0C91BC942}") = "FDTest", "FDTest\FDTest.vcxproj", "{07987511-5CB4-4BD4-83CB-FE75D86D67E8}"
EndProject
Global
	GlobalSection(SolutionConfigurationPlatforms) = preSolution
		Debug|x64 = Debug|x64
		Debug|x86 = Debug|x86
		Release|x64 = Release|x64
		Release|x86 = Release|x86
	EndGlobalSection
	GlobalSection(ProjectConfigurationPlatforms) = postSolution
		{07987511-5CB4-4BD4-83CB-FE75D86D67E8}.Debug|x64.ActiveCfg = Debug|x64
		{07987511-5CB4-4BD4-83CB-FE75D86D67E8}.Debug|x64.Build.0 = Debug|x64
		{07987511-5CB4-4BD4-83CB-FE75D86D67E8}.Debug|x86.ActiveCfg = Debug|Win32
		{07987511-5CB4-4BD4-83CB-FE75D86D67E8}.Debug|x86.Build.0 = Debug|Win32
		{07987511-5CB4-4BD4-83CB-FE75D86D67E8}.Release|x64.ActiveCfg = Release|x64
		{07987511-5CB4-4BD4-83CB-FE75D86D67E8}.Release|x64.Build.0 = Release|x64
		{07987511-5CB4-4BD4-83CB-FE75D86D67E8}.Release|x86.ActiveCfg = Release|Win32
		{07987511-5CB4-4BD4-83CB-FE75D86D67E8}.Release|x86.Build.0 = Release|Win32
	EndGlobalSection
	GlobalSection(SolutionProperties) = preSolution
		HideSolutionNode = FALSE
	EndGlobalSection
	GlobalSection(ExtensibilityGlobals) = postSolution
		SolutionGuid = {D7911C5E-D914-4E3A-A5B2-E74D22E20B94}
	EndGlobalSection
EndGlobal
